
Microsoft Visual Studio Solution File, Format Version 12.00
# Visual Studio 15
VisualStudioVersion = 15.0.28307.421
MinimumVisualStudioVersion = 10.0.40219.1
Project("{FAE04EC0-301F-11D3-BF4B-00C04F79EFBC}") = "GitMoji", "GitMoji\GitMoji.csproj", "{69066CAC-5102-44E4-A272-982B63003FBD}"
EndProject
Global
	GlobalSection(SolutionConfigurationPlatforms) = preSolution
		Debug|Any CPU = Debug|Any CPU
		Release|Any CPU = Release|Any CPU
	EndGlobalSection
	GlobalSection(ProjectConfigurationPlatforms) = postSolution
		{69066CAC-5102-44E4-A272-982B63003FBD}.Debug|Any CPU.ActiveCfg = Debug|Any CPU
		{69066CAC-5102-44E4-A272-982B63003FBD}.Debug|Any CPU.Build.0 = Debug|Any CPU
		{69066CAC-5102-44E4-A272-982B63003FBD}.Release|Any CPU.ActiveCfg = Release|Any CPU
		{69066CAC-5102-44E4-A272-982B63003FBD}.Release|Any CPU.Build.0 = Release|Any CPU
	EndGlobalSection
	GlobalSection(SolutionProperties) = preSolution
		HideSolutionNode = FALSE
	EndGlobalSection
	GlobalSection(ExtensibilityGlobals) = postSolution
		SolutionGuid = {308FB18D-FE43-4113-AC92-7B75AA2B12C2}
	EndGlobalSection
EndGlobal
